{
  "name": "evidential-server",
  "version": "1.0.0",
  "lockfileVersion": 1,
  "requires": true,
  "dependencies": {
    "protocore": {
      "version": "4.0.0",
      "resolved": "https://registry.npmjs.org/protocore/-/protocore-4.0.0.tgz",
      "integrity": "sha512-chgjCsUE7h5sdz4t8BhHoA794wQS6AK7p77QXqv51ZzEJcQx8GD0FRvWl+6WmqBec1KYkHGyJfwN+dLK5105ew=="
    }
  }
}
