{
  "name": "domecrowd",
  "version": "1.0.0",
  "lockfileVersion": 1,
  "requires": true,
  "dependencies": {
    "protocore": {
      "version": "3.1.1",
      "resolved": "https://registry.npmjs.org/protocore/-/protocore-3.1.1.tgz",
      "integrity": "sha512-Ufg8FpO/xNc7YQjUgJ5j/yVTR8rbn+JeftOmzVOicueiOO0UzEuydMyQEGHaWXqeXsPAcXuoK7Rbfj4ISncsmg=="
    }
  }
}
